PODS:
  - FlutterMacOS (1.0.0)
  - quill_native_bridge (0.0.1):
    - FlutterMacOS

DEPENDENCIES:
  - FlutterMacOS (from `Flutter/ephemeral`)
  - quill_native_bridge (from `Flutter/ephemeral/.symlinks/plugins/quill_native_bridge/macos`)

EXTERNAL SOURCES:
  FlutterMacOS:
    :path: Flutter/ephemeral
  quill_native_bridge:
    :path: Flutter/ephemeral/.symlinks/plugins/quill_native_bridge/macos

SPEC CHECKSUMS:
  FlutterMacOS: 8f6f14fa908a6fb3fba0cd85dbd81ec4b251fb24
  quill_native_bridge: 1a3a4bfab7cbe4ed0232a17d8aae201a3ce6d302

PODFILE CHECKSUM: 236401fc2c932af29a9fcf0e97baeeb2d750d367

COCOAPODS: 1.15.2
